
Microsoft Visual Studio Solution File, Format Version 12.00
# Visual Studio Version 17
VisualStudioVersion = 17.14.36203.30
MinimumVisualStudioVersion = 10.0.40219.1
Project("{2150E333-8FDC-42A3-9474-1A3956D46DE8}") = "src", "src", "{02EA681E-C7D8-13C7-8484-4AC65E1B71E8}"
EndProject
Project("{2150E333-8FDC-42A3-9474-1A3956D46DE8}") = "Api", "Api", "{26239EF7-9F72-4699-8A2C-DB3FA33D9670}"
EndProject
Project("{2150E333-8FDC-42A3-9474-1A3956D46DE8}") = "Core", "Core", "{A4A837FF-AE49-4D62-A677-5AE3BAD099AD}"
EndProject
Project("{2150E333-8FDC-42A3-9474-1A3956D46DE8}") = "Infrastructure", "Infrastructure", "{E36FC752-5D29-4670-8809-86C8BA5FDE7E}"
EndProject
Project("{2150E333-8FDC-42A3-9474-1A3956D46DE8}") = "WebApi", "WebApi", "{CAE51765-F871-4863-BAB1-9FF2521F5E8D}"
EndProject
Project("{FAE04EC0-301F-11D3-BF4B-00C04F79EFBC}") = "Blog.Api.Application", "src\Api\Core\Blog.Api.Application\Blog.Api.Application.csproj", "{895CF0EA-29D0-D55D-3EC6-ADDF2ECD29A9}"
EndProject
Project("{2150E333-8FDC-42A3-9474-1A3956D46DE8}") = "Client", "Client", "{8F9F3184-9E73-4A63-99DC-7F3A393F693D}"
EndProject
Project("{2150E333-8FDC-42A3-9474-1A3956D46DE8}") = "Common", "Common", "{6D355244-AFAC-4743-95CE-0206DDB47570}"
EndProject
Project("{FAE04EC0-301F-11D3-BF4B-00C04F79EFBC}") = "Blog.Infrastructure.Persistence", "src\Api\Infrastructure\Blog.Infrastructure.Persistence\Blog.Infrastructure.Persistence.csproj", "{655393C4-1855-807B-F040-6F8F1FCA0A9D}"
EndProject
Project("{FAE04EC0-301F-11D3-BF4B-00C04F79EFBC}") = "Blog.Infrastructure.Security", "src\Api\Infrastructure\Blog.Infrastructure.Security\Blog.Infrastructure.Security.csproj", "{78A05480-5B33-E74F-CA2A-9AEC643E5FF4}"
EndProject
Project("{FAE04EC0-301F-11D3-BF4B-00C04F79EFBC}") = "Blog.Infrastructure.Utilities", "src\Api\Infrastructure\Blog.Infrastructure.Utilities\Blog.Infrastructure.Utilities.csproj", "{4515A9C9-7BD2-A582-1119-695D8E170F5A}"
EndProject
Project("{FAE04EC0-301F-11D3-BF4B-00C04F79EFBC}") = "Blog.Common", "src\Common\Blog.Common\Blog.Common.csproj", "{18E7B019-C841-443D-A400-DF7836FF80BF}"
EndProject
Project("{FAE04EC0-301F-11D3-BF4B-00C04F79EFBC}") = "Blog.Api.Domain", "src\Api\Core\Blog.Api.Domain\Blog.Api.Domain.csproj", "{CDD6A587-C481-2EE8-B2CB-554C7828B97B}"
EndProject
Project("{54A90642-561A-4BB1-A94E-469ADEE60C69}") = "blogwebsite", "BlogWebSite\blogwebsite.esproj", "{DA5FFDEC-6B2F-AF07-BBCE-E09F98630ABD}"
EndProject
Project("{FAE04EC0-301F-11D3-BF4B-00C04F79EFBC}") = "Blog.Api.WebApi", "src\Api\WebAPI\Blog.Api.WebApi\Blog.Api.WebApi.csproj", "{2AA71EA0-12BF-44A3-CFB3-52BC8652DD9B}"
EndProject
Global
	GlobalSection(SolutionConfigurationPlatforms) = preSolution
		Debug|Any CPU = Debug|Any CPU
		Release|Any CPU = Release|Any CPU
	EndGlobalSection
	GlobalSection(ProjectConfigurationPlatforms) = postSolution
		{895CF0EA-29D0-D55D-3EC6-ADDF2ECD29A9}.Debug|Any CPU.ActiveCfg = Debug|Any CPU
		{895CF0EA-29D0-D55D-3EC6-ADDF2ECD29A9}.Debug|Any CPU.Build.0 = Debug|Any CPU
		{895CF0EA-29D0-D55D-3EC6-ADDF2ECD29A9}.Release|Any CPU.ActiveCfg = Release|Any CPU
		{895CF0EA-29D0-D55D-3EC6-ADDF2ECD29A9}.Release|Any CPU.Build.0 = Release|Any CPU
		{655393C4-1855-807B-F040-6F8F1FCA0A9D}.Debug|Any CPU.ActiveCfg = Debug|Any CPU
		{655393C4-1855-807B-F040-6F8F1FCA0A9D}.Debug|Any CPU.Build.0 = Debug|Any CPU
		{655393C4-1855-807B-F040-6F8F1FCA0A9D}.Release|Any CPU.ActiveCfg = Release|Any CPU
		{655393C4-1855-807B-F040-6F8F1FCA0A9D}.Release|Any CPU.Build.0 = Release|Any CPU
		{78A05480-5B33-E74F-CA2A-9AEC643E5FF4}.Debug|Any CPU.ActiveCfg = Debug|Any CPU
		{78A05480-5B33-E74F-CA2A-9AEC643E5FF4}.Debug|Any CPU.Build.0 = Debug|Any CPU
		{78A05480-5B33-E74F-CA2A-9AEC643E5FF4}.Release|Any CPU.ActiveCfg = Release|Any CPU
		{78A05480-5B33-E74F-CA2A-9AEC643E5FF4}.Release|Any CPU.Build.0 = Release|Any CPU
		{4515A9C9-7BD2-A582-1119-695D8E170F5A}.Debug|Any CPU.ActiveCfg = Debug|Any CPU
		{4515A9C9-7BD2-A582-1119-695D8E170F5A}.Debug|Any CPU.Build.0 = Debug|Any CPU
		{4515A9C9-7BD2-A582-1119-695D8E170F5A}.Release|Any CPU.ActiveCfg = Release|Any CPU
		{4515A9C9-7BD2-A582-1119-695D8E170F5A}.Release|Any CPU.Build.0 = Release|Any CPU
		{18E7B019-C841-443D-A400-DF7836FF80BF}.Debug|Any CPU.ActiveCfg = Debug|Any CPU
		{18E7B019-C841-443D-A400-DF7836FF80BF}.Debug|Any CPU.Build.0 = Debug|Any CPU
		{18E7B019-C841-443D-A400-DF7836FF80BF}.Release|Any CPU.ActiveCfg = Release|Any CPU
		{18E7B019-C841-443D-A400-DF7836FF80BF}.Release|Any CPU.Build.0 = Release|Any CPU
		{CDD6A587-C481-2EE8-B2CB-554C7828B97B}.Debug|Any CPU.ActiveCfg = Debug|Any CPU
		{CDD6A587-C481-2EE8-B2CB-554C7828B97B}.Debug|Any CPU.Build.0 = Debug|Any CPU
		{CDD6A587-C481-2EE8-B2CB-554C7828B97B}.Release|Any CPU.ActiveCfg = Release|Any CPU
		{CDD6A587-C481-2EE8-B2CB-554C7828B97B}.Release|Any CPU.Build.0 = Release|Any CPU
		{DA5FFDEC-6B2F-AF07-BBCE-E09F98630ABD}.Debug|Any CPU.ActiveCfg = Debug|Any CPU
		{DA5FFDEC-6B2F-AF07-BBCE-E09F98630ABD}.Debug|Any CPU.Build.0 = Debug|Any CPU
		{DA5FFDEC-6B2F-AF07-BBCE-E09F98630ABD}.Debug|Any CPU.Deploy.0 = Debug|Any CPU
		{DA5FFDEC-6B2F-AF07-BBCE-E09F98630ABD}.Release|Any CPU.ActiveCfg = Release|Any CPU
		{DA5FFDEC-6B2F-AF07-BBCE-E09F98630ABD}.Release|Any CPU.Build.0 = Release|Any CPU
		{DA5FFDEC-6B2F-AF07-BBCE-E09F98630ABD}.Release|Any CPU.Deploy.0 = Release|Any CPU
		{2AA71EA0-12BF-44A3-CFB3-52BC8652DD9B}.Debug|Any CPU.ActiveCfg = Debug|Any CPU
		{2AA71EA0-12BF-44A3-CFB3-52BC8652DD9B}.Debug|Any CPU.Build.0 = Debug|Any CPU
		{2AA71EA0-12BF-44A3-CFB3-52BC8652DD9B}.Release|Any CPU.ActiveCfg = Release|Any CPU
		{2AA71EA0-12BF-44A3-CFB3-52BC8652DD9B}.Release|Any CPU.Build.0 = Release|Any CPU
	EndGlobalSection
	GlobalSection(SolutionProperties) = preSolution
		HideSolutionNode = FALSE
	EndGlobalSection
	GlobalSection(NestedProjects) = preSolution
		{26239EF7-9F72-4699-8A2C-DB3FA33D9670} = {02EA681E-C7D8-13C7-8484-4AC65E1B71E8}
		{A4A837FF-AE49-4D62-A677-5AE3BAD099AD} = {26239EF7-9F72-4699-8A2C-DB3FA33D9670}
		{E36FC752-5D29-4670-8809-86C8BA5FDE7E} = {26239EF7-9F72-4699-8A2C-DB3FA33D9670}
		{CAE51765-F871-4863-BAB1-9FF2521F5E8D} = {26239EF7-9F72-4699-8A2C-DB3FA33D9670}
		{895CF0EA-29D0-D55D-3EC6-ADDF2ECD29A9} = {A4A837FF-AE49-4D62-A677-5AE3BAD099AD}
		{8F9F3184-9E73-4A63-99DC-7F3A393F693D} = {02EA681E-C7D8-13C7-8484-4AC65E1B71E8}
		{6D355244-AFAC-4743-95CE-0206DDB47570} = {02EA681E-C7D8-13C7-8484-4AC65E1B71E8}
		{655393C4-1855-807B-F040-6F8F1FCA0A9D} = {E36FC752-5D29-4670-8809-86C8BA5FDE7E}
		{78A05480-5B33-E74F-CA2A-9AEC643E5FF4} = {E36FC752-5D29-4670-8809-86C8BA5FDE7E}
		{4515A9C9-7BD2-A582-1119-695D8E170F5A} = {E36FC752-5D29-4670-8809-86C8BA5FDE7E}
		{18E7B019-C841-443D-A400-DF7836FF80BF} = {6D355244-AFAC-4743-95CE-0206DDB47570}
		{CDD6A587-C481-2EE8-B2CB-554C7828B97B} = {A4A837FF-AE49-4D62-A677-5AE3BAD099AD}
		{DA5FFDEC-6B2F-AF07-BBCE-E09F98630ABD} = {8F9F3184-9E73-4A63-99DC-7F3A393F693D}
		{2AA71EA0-12BF-44A3-CFB3-52BC8652DD9B} = {CAE51765-F871-4863-BAB1-9FF2521F5E8D}
	EndGlobalSection
	GlobalSection(ExtensibilityGlobals) = postSolution
		SolutionGuid = {47B8C0DC-C218-4556-A757-B4D35729278A}
	EndGlobalSection
EndGlobal
